schema: '2.0'
stages:
  build_features:
    cmd: python .\src\features\build_features.py .\data\raw\train.csv
    deps:
    - path: .\data\raw\train.csv
      hash: md5
      md5: 2309cc5f04782ed9bb6016d9f4e381cf
      size: 61194
    - path: .\src\features\build_features.py
      hash: md5
      md5: 1b4011d3fbccc5fb4e9522a5a0f9ef4d
      size: 2797
    outs:
    - path: .\data\build_data\
      hash: md5
      md5: 947037ad2332bf89344587d8e94a31e9.dir
      size: 74915
      nfiles: 1
  make_dataset:
    cmd: python .\src\data\make_dataset.py .\data\build_data\processed.csv
    deps:
    - path: .\data\build_data\processed.csv
      hash: md5
      md5: 4d63c3b8e28669fe8b207d45dac78d62
      size: 74915
    - path: .\src\data\make_dataset.py
      hash: md5
      md5: 0bea3970c7e15988c0245f4f78b25f0e
      size: 1513
    params:
      params.yaml:
        make_dataset.seed: 2022
        make_dataset.test_split: 0.3
    outs:
    - path: .\data\processed\
      hash: md5
      md5: 9479e591488e43c26d4337c5b45ef080.dir
      size: 75681
      nfiles: 4
